// !$*UTF8*$!
{
	archiveVersion = 1;
	classes = {
	};
	objectVersion = 55;
	objects = {

/* Begin PBXBuildFile section */
		1C278AC8E872F888D0B4DDC2 /* Pods_LearningAppTests.framework in Frameworks */ = {isa = PBXBuildFile; fileRef = AE3993C9CC491D84D00711A4 /* Pods_LearningAppTests.framework */; };
		4A79FD5428AA4B8F00F49DD7 /* NetworkManager.swift in Sources */ = {isa = PBXBuildFile; fileRef = 4A79FD5328AA4B8F00F49DD7 /* NetworkManager.swift */; };
		4A79FD5728AA4C7800F49DD7 /* Constants.swift in Sources */ = {isa = PBXBuildFile; fileRef = 4A79FD5628AA4C7800F49DD7 /* Constants.swift */; };
		4A79FD5928AA54A000F49DD7 /* PinterestLayout.swift in Sources */ = {isa = PBXBuildFile; fileRef = 4A79FD5828AA54A000F49DD7 /* PinterestLayout.swift */; };
		4A79FD5E28AA5DFC00F49DD7 /* MetricUtils.swift in Sources */ = {isa = PBXBuildFile; fileRef = 4A79FD5D28AA5DFC00F49DD7 /* MetricUtils.swift */; };
		4A79FD6128AA74BE00F49DD7 /* UIView+Extension.swift in Sources */ = {isa = PBXBuildFile; fileRef = 4A79FD6028AA74BE00F49DD7 /* UIView+Extension.swift */; };
		4A79FD6328AA74E400F49DD7 /* UICollectionView+Extension.swift in Sources */ = {isa = PBXBuildFile; fileRef = 4A79FD6228AA74E400F49DD7 /* UICollectionView+Extension.swift */; };
		4A79FD6528AA7ADA00F49DD7 /* SearchPhoto.swift in Sources */ = {isa = PBXBuildFile; fileRef = 4A79FD6428AA7ADA00F49DD7 /* SearchPhoto.swift */; };
		4AA82AAD28AA16FF00F046FF /* AppDelegate.swift in Sources */ = {isa = PBXBuildFile; fileRef = 4AA82AAC28AA16FF00F046FF /* AppDelegate.swift */; };
		4AA82AAF28AA16FF00F046FF /* SceneDelegate.swift in Sources */ = {isa = PBXBuildFile; fileRef = 4AA82AAE28AA16FF00F046FF /* SceneDelegate.swift */; };
		4AA82AB128AA16FF00F046FF /* ViewController.swift in Sources */ = {isa = PBXBuildFile; fileRef = 4AA82AB028AA16FF00F046FF /* ViewController.swift */; };
		4AA82AB428AA16FF00F046FF /* Main.storyboard in Resources */ = {isa = PBXBuildFile; fileRef = 4AA82AB228AA16FF00F046FF /* Main.storyboard */; };
		4AA82AB728AA16FF00F046FF /* LearningApp.xcdatamodeld in Sources */ = {isa = PBXBuildFile; fileRef = 4AA82AB528AA16FF00F046FF /* LearningApp.xcdatamodeld */; };
		4AA82AB928AA170400F046FF /* Assets.xcassets in Resources */ = {isa = PBXBuildFile; fileRef = 4AA82AB828AA170400F046FF /* Assets.xcassets */; };
		4AA82ABC28AA170400F046FF /* LaunchScreen.storyboard in Resources */ = {isa = PBXBuildFile; fileRef = 4AA82ABA28AA170400F046FF /* LaunchScreen.storyboard */; };
		4AA82AC728AA170500F046FF /* LearningAppTests.swift in Sources */ = {isa = PBXBuildFile; fileRef = 4AA82AC628AA170500F046FF /* LearningAppTests.swift */; };
		4AA82AD128AA170500F046FF /* LearningAppUITests.swift in Sources */ = {isa = PBXBuildFile; fileRef = 4AA82AD028AA170500F046FF /* LearningAppUITests.swift */; };
		4AA82AD328AA170500F046FF /* LearningAppUITestsLaunchTests.swift in Sources */ = {isa = PBXBuildFile; fileRef = 4AA82AD228AA170500F046FF /* LearningAppUITestsLaunchTests.swift */; };
		4AA82AE228AA178100F046FF /* ProductCell.swift in Sources */ = {isa = PBXBuildFile; fileRef = 4AA82AE028AA178100F046FF /* ProductCell.swift */; };
		4AA82AE328AA178100F046FF /* ProductCell.xib in Resources */ = {isa = PBXBuildFile; fileRef = 4AA82AE128AA178100F046FF /* ProductCell.xib */; };
		4AA82AE628AA18F100F046FF /* Photo.swift in Sources */ = {isa = PBXBuildFile; fileRef = 4AA82AE528AA18F100F046FF /* Photo.swift */; };
		65AEFEDABD6EB9CB367441EC /* Pods_LearningApp.framework in Frameworks */ = {isa = PBXBuildFile; fileRef = 7466860281405E97C67D6B50 /* Pods_LearningApp.framework */; };
		C0C16E608C44A7FB915B5CF0 /* Pods_LearningApp_LearningAppUITests.framework in Frameworks */ = {isa = PBXBuildFile; fileRef = 7101B1EB1A815E4206A80ADF /* Pods_LearningApp_LearningAppUITests.framework */; };
/* End PBXBuildFile section */

/* Begin PBXContainerItemProxy section */
		4AA82AC328AA170500F046FF /* PBXContainerItemProxy */ = {
			isa = PBXContainerItemProxy;
			containerPortal = 4AA82AA128AA16FF00F046FF /* Project object */;
			proxyType = 1;
			remoteGlobalIDString = 4AA82AA828AA16FF00F046FF;
			remoteInfo = LearningApp;
		};
		4AA82ACD28AA170500F046FF /* PBXContainerItemProxy */ = {
			isa = PBXContainerItemProxy;
			containerPortal = 4AA82AA128AA16FF00F046FF /* Project object */;
			proxyType = 1;
			remoteGlobalIDString = 4AA82AA828AA16FF00F046FF;
			remoteInfo = LearningApp;
		};
/* End PBXContainerItemProxy section */

/* Begin PBXFileReference section */
		4A79FD5328AA4B8F00F49DD7 /* NetworkManager.swift */ = {isa = PBXFileReference; lastKnownFileType = sourcecode.swift; path = NetworkManager.swift; sourceTree = "<group>"; };
		4A79FD5628AA4C7800F49DD7 /* Constants.swift */ = {isa = PBXFileReference; lastKnownFileType = sourcecode.swift; path = Constants.swift; sourceTree = "<group>"; };
		4A79FD5828AA54A000F49DD7 /* PinterestLayout.swift */ = {isa = PBXFileReference; lastKnownFileType = sourcecode.swift; path = PinterestLayout.swift; sourceTree = "<group>"; };
		4A79FD5D28AA5DFC00F49DD7 /* MetricUtils.swift */ = {isa = PBXFileReference; lastKnownFileType = sourcecode.swift; path = MetricUtils.swift; sourceTree = "<group>"; };
		4A79FD6028AA74BE00F49DD7 /* UIView+Extension.swift */ = {isa = PBXFileReference; lastKnownFileType = sourcecode.swift; path = "UIView+Extension.swift"; sourceTree = "<group>"; };
		4A79FD6228AA74E400F49DD7 /* UICollectionView+Extension.swift */ = {isa = PBXFileReference; lastKnownFileType = sourcecode.swift; path = "UICollectionView+Extension.swift"; sourceTree = "<group>"; };
		4A79FD6428AA7ADA00F49DD7 /* SearchPhoto.swift */ = {isa = PBXFileReference; lastKnownFileType = sourcecode.swift; path = SearchPhoto.swift; sourceTree = "<group>"; };
		4AA82AA928AA16FF00F046FF /* LearningApp.app */ = {isa = PBXFileReference; explicitFileType = wrapper.application; includeInIndex = 0; path = LearningApp.app; sourceTree = BUILT_PRODUCTS_DIR; };
		4AA82AAC28AA16FF00F046FF /* AppDelegate.swift */ = {isa = PBXFileReference; lastKnownFileType = sourcecode.swift; path = AppDelegate.swift; sourceTree = "<group>"; };
		4AA82AAE28AA16FF00F046FF /* SceneDelegate.swift */ = {isa = PBXFileReference; lastKnownFileType = sourcecode.swift; path = SceneDelegate.swift; sourceTree = "<group>"; };
		4AA82AB028AA16FF00F046FF /* ViewController.swift */ = {isa = PBXFileReference; lastKnownFileType = sourcecode.swift; path = ViewController.swift; sourceTree = "<group>"; };
		4AA82AB328AA16FF00F046FF /* Base */ = {isa = PBXFileReference; lastKnownFileType = file.storyboard; name = Base; path = Base.lproj/Main.storyboard; sourceTree = "<group>"; };
		4AA82AB628AA16FF00F046FF /* LearningApp.xcdatamodel */ = {isa = PBXFileReference; lastKnownFileType = wrapper.xcdatamodel; path = LearningApp.xcdatamodel; sourceTree = "<group>"; };
		4AA82AB828AA170400F046FF /* Assets.xcassets */ = {isa = PBXFileReference; lastKnownFileType = folder.assetcatalog; path = Assets.xcassets; sourceTree = "<group>"; };
		4AA82ABB28AA170400F046FF /* Base */ = {isa = PBXFileReference; lastKnownFileType = file.storyboard; name = Base; path = Base.lproj/LaunchScreen.storyboard; sourceTree = "<group>"; };
		4AA82ABD28AA170400F046FF /* Info.plist */ = {isa = PBXFileReference; lastKnownFileType = text.plist.xml; path = Info.plist; sourceTree = "<group>"; };
		4AA82AC228AA170500F046FF /* LearningAppTests.xctest */ = {isa = PBXFileReference; explicitFileType = wrapper.cfbundle; includeInIndex = 0; path = LearningAppTests.xctest; sourceTree = BUILT_PRODUCTS_DIR; };
		4AA82AC628AA170500F046FF /* LearningAppTests.swift */ = {isa = PBXFileReference; lastKnownFileType = sourcecode.swift; path = LearningAppTests.swift; sourceTree = "<group>"; };
		4AA82ACC28AA170500F046FF /* LearningAppUITests.xctest */ = {isa = PBXFileReference; explicitFileType = wrapper.cfbundle; includeInIndex = 0; path = LearningAppUITests.xctest; sourceTree = BUILT_PRODUCTS_DIR; };
		4AA82AD028AA170500F046FF /* LearningAppUITests.swift */ = {isa = PBXFileReference; lastKnownFileType = sourcecode.swift; path = LearningAppUITests.swift; sourceTree = "<group>"; };
		4AA82AD228AA170500F046FF /* LearningAppUITestsLaunchTests.swift */ = {isa = PBXFileReference; lastKnownFileType = sourcecode.swift; path = LearningAppUITestsLaunchTests.swift; sourceTree = "<group>"; };
		4AA82AE028AA178100F046FF /* ProductCell.swift */ = {isa = PBXFileReference; lastKnownFileType = sourcecode.swift; path = ProductCell.swift; sourceTree = "<group>"; };
		4AA82AE128AA178100F046FF /* ProductCell.xib */ = {isa = PBXFileReference; lastKnownFileType = file.xib; path = ProductCell.xib; sourceTree = "<group>"; };
		4AA82AE528AA18F100F046FF /* Photo.swift */ = {isa = PBXFileReference; lastKnownFileType = sourcecode.swift; path = Photo.swift; sourceTree = "<group>"; };
		668927EFF85F5BFA3DACC8CC /* Pods-LearningApp-LearningAppUITests.debug.xcconfig */ = {isa = PBXFileReference; includeInIndex = 1; lastKnownFileType = text.xcconfig; name = "Pods-LearningApp-LearningAppUITests.debug.xcconfig"; path = "Target Support Files/Pods-LearningApp-LearningAppUITests/Pods-LearningApp-LearningAppUITests.debug.xcconfig"; sourceTree = "<group>"; };
		7101B1EB1A815E4206A80ADF /* Pods_LearningApp_LearningAppUITests.framework */ = {isa = PBXFileReference; explicitFileType = wrapper.framework; includeInIndex = 0; path = Pods_LearningApp_LearningAppUITests.framework; sourceTree = BUILT_PRODUCTS_DIR; };
		7466860281405E97C67D6B50 /* Pods_LearningApp.framework */ = {isa = PBXFileReference; explicitFileType = wrapper.framework; includeInIndex = 0; path = Pods_LearningApp.framework; sourceTree = BUILT_PRODUCTS_DIR; };
		81B828DF8D79C2B64F1F98C3 /* Pods-LearningApp-LearningAppUITests.release.xcconfig */ = {isa = PBXFileReference; includeInIndex = 1; lastKnownFileType = text.xcconfig; name = "Pods-LearningApp-LearningAppUITests.release.xcconfig"; path = "Target Support Files/Pods-LearningApp-LearningAppUITests/Pods-LearningApp-LearningAppUITests.release.xcconfig"; sourceTree = "<group>"; };
		ADA90694DB3FCF7FCA778F39 /* Pods-LearningAppTests.release.xcconfig */ = {isa = PBXFileReference; includeInIndex = 1; lastKnownFileType = text.xcconfig; name = "Pods-LearningAppTests.release.xcconfig"; path = "Target Support Files/Pods-LearningAppTests/Pods-LearningAppTests.release.xcconfig"; sourceTree = "<group>"; };
		AE3993C9CC491D84D00711A4 /* Pods_LearningAppTests.framework */ = {isa = PBXFileReference; explicitFileType = wrapper.framework; includeInIndex = 0; path = Pods_LearningAppTests.framework; sourceTree = BUILT_PRODUCTS_DIR; };
		AE754FFB1DDFC6B014A7BB93 /* Pods-LearningApp.debug.xcconfig */ = {isa = PBXFileReference; includeInIndex = 1; lastKnownFileType = text.xcconfig; name = "Pods-LearningApp.debug.xcconfig"; path = "Target Support Files/Pods-LearningApp/Pods-LearningApp.debug.xcconfig"; sourceTree = "<group>"; };
		B1F120A7832A0522C3203A72 /* Pods-LearningApp.release.xcconfig */ = {isa = PBXFileReference; includeInIndex = 1; lastKnownFileType = text.xcconfig; name = "Pods-LearningApp.release.xcconfig"; path = "Target Support Files/Pods-LearningApp/Pods-LearningApp.release.xcconfig"; sourceTree = "<group>"; };
		DBA9DF50A9F62D77AFB7589F /* Pods-LearningAppTests.debug.xcconfig */ = {isa = PBXFileReference; includeInIndex = 1; lastKnownFileType = text.xcconfig; name = "Pods-LearningAppTests.debug.xcconfig"; path = "Target Support Files/Pods-LearningAppTests/Pods-LearningAppTests.debug.xcconfig"; sourceTree = "<group>"; };
/* End PBXFileReference section */

/* Begin PBXFrameworksBuildPhase section */
		4AA82AA628AA16FF00F046FF /* Frameworks */ = {
			isa = PBXFrameworksBuildPhase;
			buildActionMask = 2147483647;
			files = (
				65AEFEDABD6EB9CB367441EC /* Pods_LearningApp.framework in Frameworks */,
			);
			runOnlyForDeploymentPostprocessing = 0;
		};
		4AA82ABF28AA170500F046FF /* Frameworks */ = {
			isa = PBXFrameworksBuildPhase;
			buildActionMask = 2147483647;
			files = (
				1C278AC8E872F888D0B4DDC2 /* Pods_LearningAppTests.framework in Frameworks */,
			);
			runOnlyForDeploymentPostprocessing = 0;
		};
		4AA82AC928AA170500F046FF /* Frameworks */ = {
			isa = PBXFrameworksBuildPhase;
			buildActionMask = 2147483647;
			files = (
				C0C16E608C44A7FB915B5CF0 /* Pods_LearningApp_LearningAppUITests.framework in Frameworks */,
			);
			runOnlyForDeploymentPostprocessing = 0;
		};
/* End PBXFrameworksBuildPhase section */

/* Begin PBXGroup section */
		1FF425A1794299F14C2BCCE1 /* Frameworks */ = {
			isa = PBXGroup;
			children = (
				7466860281405E97C67D6B50 /* Pods_LearningApp.framework */,
				7101B1EB1A815E4206A80ADF /* Pods_LearningApp_LearningAppUITests.framework */,
				AE3993C9CC491D84D00711A4 /* Pods_LearningAppTests.framework */,
			);
			name = Frameworks;
			sourceTree = "<group>";
		};
		4A79FD5228AA4B8500F49DD7 /* Network */ = {
			isa = PBXGroup;
			children = (
				4A79FD5328AA4B8F00F49DD7 /* NetworkManager.swift */,
			);
			path = Network;
			sourceTree = "<group>";
		};
		4A79FD5528AA4C6400F49DD7 /* Common */ = {
			isa = PBXGroup;
			children = (
				4A79FD5F28AA74B000F49DD7 /* Extensions */,
				4A79FD5628AA4C7800F49DD7 /* Constants.swift */,
				4A79FD5D28AA5DFC00F49DD7 /* MetricUtils.swift */,
			);
			path = Common;
			sourceTree = "<group>";
		};
		4A79FD5F28AA74B000F49DD7 /* Extensions */ = {
			isa = PBXGroup;
			children = (
				4A79FD6028AA74BE00F49DD7 /* UIView+Extension.swift */,
				4A79FD6228AA74E400F49DD7 /* UICollectionView+Extension.swift */,
			);
			path = Extensions;
			sourceTree = "<group>";
		};
		4AA82AA028AA16FF00F046FF = {
			isa = PBXGroup;
			children = (
				4AA82AAB28AA16FF00F046FF /* LearningApp */,
				4AA82AC528AA170500F046FF /* LearningAppTests */,
				4AA82ACF28AA170500F046FF /* LearningAppUITests */,
				4AA82AAA28AA16FF00F046FF /* Products */,
				C7B21C55A5C8FE2727EFE34D /* Pods */,
				1FF425A1794299F14C2BCCE1 /* Frameworks */,
			);
			sourceTree = "<group>";
		};
		4AA82AAA28AA16FF00F046FF /* Products */ = {
			isa = PBXGroup;
			children = (
				4AA82AA928AA16FF00F046FF /* LearningApp.app */,
				4AA82AC228AA170500F046FF /* LearningAppTests.xctest */,
				4AA82ACC28AA170500F046FF /* LearningAppUITests.xctest */,
			);
			name = Products;
			sourceTree = "<group>";
		};
		4AA82AAB28AA16FF00F046FF /* LearningApp */ = {
			isa = PBXGroup;
			children = (
				4A79FD5528AA4C6400F49DD7 /* Common */,
				4A79FD5228AA4B8500F49DD7 /* Network */,
				4AA82AE428AA18E900F046FF /* Model */,
				4AA82ADF28AA175900F046FF /* Reusables */,
				4AA82AAC28AA16FF00F046FF /* AppDelegate.swift */,
				4AA82AAE28AA16FF00F046FF /* SceneDelegate.swift */,
				4AA82AB028AA16FF00F046FF /* ViewController.swift */,
				4AA82AB228AA16FF00F046FF /* Main.storyboard */,
				4AA82AB828AA170400F046FF /* Assets.xcassets */,
				4AA82ABA28AA170400F046FF /* LaunchScreen.storyboard */,
				4AA82ABD28AA170400F046FF /* Info.plist */,
				4AA82AB528AA16FF00F046FF /* LearningApp.xcdatamodeld */,
			);
			path = LearningApp;
			sourceTree = "<group>";
		};
		4AA82AC528AA170500F046FF /* LearningAppTests */ = {
			isa = PBXGroup;
			children = (
				4AA82AC628AA170500F046FF /* LearningAppTests.swift */,
			);
			path = LearningAppTests;
			sourceTree = "<group>";
		};
		4AA82ACF28AA170500F046FF /* LearningAppUITests */ = {
			isa = PBXGroup;
			children = (
				4AA82AD028AA170500F046FF /* LearningAppUITests.swift */,
				4AA82AD228AA170500F046FF /* LearningAppUITestsLaunchTests.swift */,
			);
			path = LearningAppUITests;
			sourceTree = "<group>";
		};
		4AA82ADF28AA175900F046FF /* Reusables */ = {
			isa = PBXGroup;
			children = (
				4AA82AE028AA178100F046FF /* ProductCell.swift */,
				4AA82AE128AA178100F046FF /* ProductCell.xib */,
				4A79FD5828AA54A000F49DD7 /* PinterestLayout.swift */,
			);
			path = Reusables;
			sourceTree = "<group>";
		};
		4AA82AE428AA18E900F046FF /* Model */ = {
			isa = PBXGroup;
			children = (
				4AA82AE528AA18F100F046FF /* Photo.swift */,
				4A79FD6428AA7ADA00F49DD7 /* SearchPhoto.swift */,
			);
			path = Model;
			sourceTree = "<group>";
		};
		C7B21C55A5C8FE2727EFE34D /* Pods */ = {
			isa = PBXGroup;
			children = (
				AE754FFB1DDFC6B014A7BB93 /* Pods-LearningApp.debug.xcconfig */,
				B1F120A7832A0522C3203A72 /* Pods-LearningApp.release.xcconfig */,
				668927EFF85F5BFA3DACC8CC /* Pods-LearningApp-LearningAppUITests.debug.xcconfig */,
				81B828DF8D79C2B64F1F98C3 /* Pods-LearningApp-LearningAppUITests.release.xcconfig */,
				DBA9DF50A9F62D77AFB7589F /* Pods-LearningAppTests.debug.xcconfig */,
				ADA90694DB3FCF7FCA778F39 /* Pods-LearningAppTests.release.xcconfig */,
			);
			path = Pods;
			sourceTree = "<group>";
		};
/* End PBXGroup section */

/* Begin PBXNativeTarget section */
		4AA82AA828AA16FF00F046FF /* LearningApp */ = {
			isa = PBXNativeTarget;
			buildConfigurationList = 4AA82AD628AA170500F046FF /* Build configuration list for PBXNativeTarget "LearningApp" */;
			buildPhases = (
				A896AB0FFF03B11A9F65826D /* [CP] Check Pods Manifest.lock */,
				4AA82AA528AA16FF00F046FF /* Sources */,
				4AA82AA628AA16FF00F046FF /* Frameworks */,
				4AA82AA728AA16FF00F046FF /* Resources */,
				B6D0FD3D633581C61B954C42 /* [CP] Embed Pods Frameworks */,
			);
			buildRules = (
			);
			dependencies = (
			);
			name = LearningApp;
			productName = LearningApp;
			productReference = 4AA82AA928AA16FF00F046FF /* LearningApp.app */;
			productType = "com.apple.product-type.application";
		};
		4AA82AC128AA170500F046FF /* LearningAppTests */ = {
			isa = PBXNativeTarget;
			buildConfigurationList = 4AA82AD928AA170500F046FF /* Build configuration list for PBXNativeTarget "LearningAppTests" */;
			buildPhases = (
				A8B790C15B69F2532F5A7D87 /* [CP] Check Pods Manifest.lock */,
				4AA82ABE28AA170500F046FF /* Sources */,
				4AA82ABF28AA170500F046FF /* Frameworks */,
				4AA82AC028AA170500F046FF /* Resources */,
			);
			buildRules = (
			);
			dependencies = (
				4AA82AC428AA170500F046FF /* PBXTargetDependency */,
			);
			name = LearningAppTests;
			productName = LearningAppTests;
			productReference = 4AA82AC228AA170500F046FF /* LearningAppTests.xctest */;
			productType = "com.apple.product-type.bundle.unit-test";
		};
		4AA82ACB28AA170500F046FF /* LearningAppUITests */ = {
			isa = PBXNativeTarget;
			buildConfigurationList = 4AA82ADC28AA170500F046FF /* Build configuration list for PBXNativeTarget "LearningAppUITests" */;
			buildPhases = (
				7D06EAC56E0EDC20E6CAAEF3 /* [CP] Check Pods Manifest.lock */,
				4AA82AC828AA170500F046FF /* Sources */,
				4AA82AC928AA170500F046FF /* Frameworks */,
				4AA82ACA28AA170500F046FF /* Resources */,
				B0965F00A98F56A4299C6586 /* [CP] Embed Pods Frameworks */,
			);
			buildRules = (
			);
			dependencies = (
				4AA82ACE28AA170500F046FF /* PBXTargetDependency */,
			);
			name = LearningAppUITests;
			productName = LearningAppUITests;
			productReference = 4AA82ACC28AA170500F046FF /* LearningAppUITests.xctest */;
			productType = "com.apple.product-type.bundle.ui-testing";
		};
/* End PBXNativeTarget section */

/* Begin PBXProject section */
		4AA82AA128AA16FF00F046FF /* Project object */ = {
			isa = PBXProject;
			attributes = {
				BuildIndependentTargetsInParallel = 1;
				LastSwiftUpdateCheck = 1330;
				LastUpgradeCheck = 1330;
				TargetAttributes = {
					4AA82AA828AA16FF00F046FF = {
						CreatedOnToolsVersion = 13.3.1;
					};
					4AA82AC128AA170500F046FF = {
						CreatedOnToolsVersion = 13.3.1;
						TestTargetID = 4AA82AA828AA16FF00F046FF;
					};
					4AA82ACB28AA170500F046FF = {
						CreatedOnToolsVersion = 13.3.1;
						TestTargetID = 4AA82AA828AA16FF00F046FF;
					};
				};
			};
			buildConfigurationList = 4AA82AA428AA16FF00F046FF /* Build configuration list for PBXProject "LearningApp" */;
			compatibilityVersion = "Xcode 13.0";
			developmentRegion = en;
			hasScannedForEncodings = 0;
			knownRegions = (
				en,
				Base,
			);
			mainGroup = 4AA82AA028AA16FF00F046FF;
			productRefGroup = 4AA82AAA28AA16FF00F046FF /* Products */;
			projectDirPath = "";
			projectRoot = "";
			targets = (
				4AA82AA828AA16FF00F046FF /* LearningApp */,
				4AA82AC128AA170500F046FF /* LearningAppTests */,
				4AA82ACB28AA170500F046FF /* LearningAppUITests */,
			);
		};
/* End PBXProject section */

/* Begin PBXResourcesBuildPhase section */
		4AA82AA728AA16FF00F046FF /* Resources */ = {
			isa = PBXResourcesBuildPhase;
			buildActionMask = 2147483647;
			files = (
				4AA82ABC28AA170400F046FF /* LaunchScreen.storyboard in Resources */,
				4AA82AE328AA178100F046FF /* ProductCell.xib in Resources */,
				4AA82AB928AA170400F046FF /* Assets.xcassets in Resources */,
				4AA82AB428AA16FF00F046FF /* Main.storyboard in Resources */,
			);
			runOnlyForDeploymentPostprocessing = 0;
		};
		4AA82AC028AA170500F046FF /* Resources */ = {
			isa = PBXResourcesBuildPhase;
			buildActionMask = 2147483647;
			files = (
			);
			runOnlyForDeploymentPostprocessing = 0;
		};
		4AA82ACA28AA170500F046FF /* Resources */ = {
			isa = PBXResourcesBuildPhase;
			buildActionMask = 2147483647;
			files = (
			);
			runOnlyForDeploymentPostprocessing = 0;
		};
/* End PBXResourcesBuildPhase section */

/* Begin PBXShellScriptBuildPhase section */
		7D06EAC56E0EDC20E6CAAEF3 /* [CP] Check Pods Manifest.lock */ = {
			isa = PBXShellScriptBuildPhase;
			buildActionMask = 2147483647;
			files = (
			);
			inputFileListPaths = (
			);
			inputPaths = (
				"${PODS_PODFILE_DIR_PATH}/Podfile.lock",
				"${PODS_ROOT}/Manifest.lock",
			);
			name = "[CP] Check Pods Manifest.lock";
			outputFileListPaths = (
			);
			outputPaths = (
				"$(DERIVED_FILE_DIR)/Pods-LearningApp-LearningAppUITests-checkManifestLockResult.txt",
			);
			runOnlyForDeploymentPostprocessing = 0;
			shellPath = /bin/sh;
			shellScript = "diff \"${PODS_PODFILE_DIR_PATH}/Podfile.lock\" \"${PODS_ROOT}/Manifest.lock\" > /dev/null\nif [ $? != 0 ] ; then\n    # print error to STDERR\n    echo \"error: The sandbox is not in sync with the Podfile.lock. Run 'pod install' or update your CocoaPods installation.\" >&2\n    exit 1\nfi\n# This output is used by Xcode 'outputs' to avoid re-running this script phase.\necho \"SUCCESS\" > \"${SCRIPT_OUTPUT_FILE_0}\"\n";
			showEnvVarsInLog = 0;
		};
		A896AB0FFF03B11A9F65826D /* [CP] Check Pods Manifest.lock */ = {
			isa = PBXShellScriptBuildPhase;
			buildActionMask = 2147483647;
			files = (
			);
			inputFileListPaths = (
			);
			inputPaths = (
				"${PODS_PODFILE_DIR_PATH}/Podfile.lock",
				"${PODS_ROOT}/Manifest.lock",
			);
			name = "[CP] Check Pods Manifest.lock";
			outputFileListPaths = (
			);
			outputPaths = (
				"$(DERIVED_FILE_DIR)/Pods-LearningApp-checkManifestLockResult.txt",
			);
			runOnlyForDeploymentPostprocessing = 0;
			shellPath = /bin/sh;
			shellScript = "diff \"${PODS_PODFILE_DIR_PATH}/Podfile.lock\" \"${PODS_ROOT}/Manifest.lock\" > /dev/null\nif [ $? != 0 ] ; then\n    # print error to STDERR\n    echo \"error: The sandbox is not in sync with the Podfile.lock. Run 'pod install' or update your CocoaPods installation.\" >&2\n    exit 1\nfi\n# This output is used by Xcode 'outputs' to avoid re-running this script phase.\necho \"SUCCESS\" > \"${SCRIPT_OUTPUT_FILE_0}\"\n";
			showEnvVarsInLog = 0;
		};
		A8B790C15B69F2532F5A7D87 /* [CP] Check Pods Manifest.lock */ = {
			isa = PBXShellScriptBuildPhase;
			buildActionMask = 2147483647;
			files = (
			);
			inputFileListPaths = (
			);
			inputPaths = (
				"${PODS_PODFILE_DIR_PATH}/Podfile.lock",
				"${PODS_ROOT}/Manifest.lock",
			);
			name = "[CP] Check Pods Manifest.lock";
			outputFileListPaths = (
			);
			outputPaths = (
				"$(DERIVED_FILE_DIR)/Pods-LearningAppTests-checkManifestLockResult.txt",
			);
			runOnlyForDeploymentPostprocessing = 0;
			shellPath = /bin/sh;
			shellScript = "diff \"${PODS_PODFILE_DIR_PATH}/Podfile.lock\" \"${PODS_ROOT}/Manifest.lock\" > /dev/null\nif [ $? != 0 ] ; then\n    # print error to STDERR\n    echo \"error: The sandbox is not in sync with the Podfile.lock. Run 'pod install' or update your CocoaPods installation.\" >&2\n    exit 1\nfi\n# This output is used by Xcode 'outputs' to avoid re-running this script phase.\necho \"SUCCESS\" > \"${SCRIPT_OUTPUT_FILE_0}\"\n";
			showEnvVarsInLog = 0;
		};
		B0965F00A98F56A4299C6586 /* [CP] Embed Pods Frameworks */ = {
			isa = PBXShellScriptBuildPhase;
			buildActionMask = 2147483647;
			files = (
			);
			inputFileListPaths = (
				"${PODS_ROOT}/Target Support Files/Pods-LearningApp-LearningAppUITests/Pods-LearningApp-LearningAppUITests-frameworks-${CONFIGURATION}-input-files.xcfilelist",
			);
			name = "[CP] Embed Pods Frameworks";
			outputFileListPaths = (
				"${PODS_ROOT}/Target Support Files/Pods-LearningApp-LearningAppUITests/Pods-LearningApp-LearningAppUITests-frameworks-${CONFIGURATION}-output-files.xcfilelist",
			);
			runOnlyForDeploymentPostprocessing = 0;
			shellPath = /bin/sh;
			shellScript = "\"${PODS_ROOT}/Target Support Files/Pods-LearningApp-LearningAppUITests/Pods-LearningApp-LearningAppUITests-frameworks.sh\"\n";
			showEnvVarsInLog = 0;
		};
		B6D0FD3D633581C61B954C42 /* [CP] Embed Pods Frameworks */ = {
			isa = PBXShellScriptBuildPhase;
			buildActionMask = 2147483647;
			files = (
			);
			inputFileListPaths = (
				"${PODS_ROOT}/Target Support Files/Pods-LearningApp/Pods-LearningApp-frameworks-${CONFIGURATION}-input-files.xcfilelist",
			);
			name = "[CP] Embed Pods Frameworks";
			outputFileListPaths = (
				"${PODS_ROOT}/Target Support Files/Pods-LearningApp/Pods-LearningApp-frameworks-${CONFIGURATION}-output-files.xcfilelist",
			);
			runOnlyForDeploymentPostprocessing = 0;
			shellPath = /bin/sh;
			shellScript = "\"${PODS_ROOT}/Target Support Files/Pods-LearningApp/Pods-LearningApp-frameworks.sh\"\n";
			showEnvVarsInLog = 0;
		};
/* End PBXShellScriptBuildPhase section */

/* Begin PBXSourcesBuildPhase section */
		4AA82AA528AA16FF00F046FF /* Sources */ = {
			isa = PBXSourcesBuildPhase;
			buildActionMask = 2147483647;
			files = (
				4A79FD6328AA74E400F49DD7 /* UICollectionView+Extension.swift in Sources */,
				4A79FD6128AA74BE00F49DD7 /* UIView+Extension.swift in Sources */,
				4AA82AB128AA16FF00F046FF /* ViewController.swift in Sources */,
				4A79FD5E28AA5DFC00F49DD7 /* MetricUtils.swift in Sources */,
				4AA82AB728AA16FF00F046FF /* LearningApp.xcdatamodeld in Sources */,
				4AA82AE228AA178100F046FF /* ProductCell.swift in Sources */,
				4A79FD5928AA54A000F49DD7 /* PinterestLayout.swift in Sources */,
				4A79FD5728AA4C7800F49DD7 /* Constants.swift in Sources */,
				4A79FD6528AA7ADA00F49DD7 /* SearchPhoto.swift in Sources */,
				4A79FD5428AA4B8F00F49DD7 /* NetworkManager.swift in Sources */,
				4AA82AAD28AA16FF00F046FF /* AppDelegate.swift in Sources */,
				4AA82AAF28AA16FF00F046FF /* SceneDelegate.swift in Sources */,
				4AA82AE628AA18F100F046FF /* Photo.swift in Sources */,
			);
			runOnlyForDeploymentPostprocessing = 0;
		};
		4AA82ABE28AA170500F046FF /* Sources */ = {
			isa = PBXSourcesBuildPhase;
			buildActionMask = 2147483647;
			files = (
				4AA82AC728AA170500F046FF /* LearningAppTests.swift in Sources */,
			);
			runOnlyForDeploymentPostprocessing = 0;
		};
		4AA82AC828AA170500F046FF /* Sources */ = {
			isa = PBXSourcesBuildPhase;
			buildActionMask = 2147483647;
			files = (
				4AA82AD328AA170500F046FF /* LearningAppUITestsLaunchTests.swift in Sources */,
				4AA82AD128AA170500F046FF /* LearningAppUITests.swift in Sources */,
			);
			runOnlyForDeploymentPostprocessing = 0;
		};
/* End PBXSourcesBuildPhase section */

/* Begin PBXTargetDependency section */
		4AA82AC428AA170500F046FF /* PBXTargetDependency */ = {
			isa = PBXTargetDependency;
			target = 4AA82AA828AA16FF00F046FF /* LearningApp */;
			targetProxy = 4AA82AC328AA170500F046FF /* PBXContainerItemProxy */;
		};
		4AA82ACE28AA170500F046FF /* PBXTargetDependency */ = {
			isa = PBXTargetDependency;
			target = 4AA82AA828AA16FF00F046FF /* LearningApp */;
			targetProxy = 4AA82ACD28AA170500F046FF /* PBXContainerItemProxy */;
		};
/* End PBXTargetDependency section */

/* Begin PBXVariantGroup section */
		4AA82AB228AA16FF00F046FF /* Main.storyboard */ = {
			isa = PBXVariantGroup;
			children = (
				4AA82AB328AA16FF00F046FF /* Base */,
			);
			name = Main.storyboard;
			sourceTree = "<group>";
		};
		4AA82ABA28AA170400F046FF /* LaunchScreen.storyboard */ = {
			isa = PBXVariantGroup;
			children = (
				4AA82ABB28AA170400F046FF /* Base */,
			);
			name = LaunchScreen.storyboard;
			sourceTree = "<group>";
		};
/* End PBXVariantGroup section */

/* Begin XCBuildConfiguration section */
		4AA82AD428AA170500F046FF /* Debug */ = {
			isa = XCBuildConfiguration;
			buildSettings = {
				ALWAYS_SEARCH_USER_PATHS = NO;
				CLANG_ANALYZER_NONNULL = YES;
				CLANG_ANALYZER_NUMBER_OBJECT_CONVERSION = YES_AGGRESSIVE;
				CLANG_CXX_LANGUAGE_STANDARD = "gnu++17";
				CLANG_ENABLE_MODULES = YES;
				CLANG_ENABLE_OBJC_ARC = YES;
				CLANG_ENABLE_OBJC_WEAK = YES;
				CLANG_WARN_BLOCK_CAPTURE_AUTORELEASING = YES;
				CLANG_WARN_BOOL_CONVERSION = YES;
				CLANG_WARN_COMMA = YES;
				CLANG_WARN_CONSTANT_CONVERSION = YES;
				CLANG_WARN_DEPRECATED_OBJC_IMPLEMENTATIONS = YES;
				CLANG_WARN_DIRECT_OBJC_ISA_USAGE = YES_ERROR;
				CLANG_WARN_DOCUMENTATION_COMMENTS = YES;
				CLANG_WARN_EMPTY_BODY = YES;
				CLANG_WARN_ENUM_CONVERSION = YES;
				CLANG_WARN_INFINITE_RECURSION = YES;
				CLANG_WARN_INT_CONVERSION = YES;
				CLANG_WARN_NON_LITERAL_NULL_CONVERSION = YES;
				CLANG_WARN_OBJC_IMPLICIT_RETAIN_SELF = YES;
				CLANG_WARN_OBJC_LITERAL_CONVERSION = YES;
				CLANG_WARN_OBJC_ROOT_CLASS = YES_ERROR;
				CLANG_WARN_QUOTED_INCLUDE_IN_FRAMEWORK_HEADER = YES;
				CLANG_WARN_RANGE_LOOP_ANALYSIS = YES;
				CLANG_WARN_STRICT_PROTOTYPES = YES;
				CLANG_WARN_SUSPICIOUS_MOVE = YES;
				CLANG_WARN_UNGUARDED_AVAILABILITY = YES_AGGRESSIVE;
				CLANG_WARN_UNREACHABLE_CODE = YES;
				CLANG_WARN__DUPLICATE_METHOD_MATCH = YES;
				COPY_PHASE_STRIP = NO;
				DEBUG_INFORMATION_FORMAT = dwarf;
				ENABLE_STRICT_OBJC_MSGSEND = YES;
				ENABLE_TESTABILITY = YES;
				GCC_C_LANGUAGE_STANDARD = gnu11;
				GCC_DYNAMIC_NO_PIC = NO;
				GCC_NO_COMMON_BLOCKS = YES;
				GCC_OPTIMIZATION_LEVEL = 0;
				GCC_PREPROCESSOR_DEFINITIONS = (
					"DEBUG=1",
					"$(inherited)",
				);
				GCC_WARN_64_TO_32_BIT_CONVERSION = YES;
				GCC_WARN_ABOUT_RETURN_TYPE = YES_ERROR;
				GCC_WARN_UNDECLARED_SELECTOR = YES;
				GCC_WARN_UNINITIALIZED_AUTOS = YES_AGGRESSIVE;
				GCC_WARN_UNUSED_FUNCTION = YES;
				GCC_WARN_UNUSED_VARIABLE = YES;
				IPHONEOS_DEPLOYMENT_TARGET = 15.4;
				MTL_ENABLE_DEBUG_INFO = INCLUDE_SOURCE;
				MTL_FAST_MATH = YES;
				ONLY_ACTIVE_ARCH = YES;
				SDKROOT = iphoneos;
				SWIFT_ACTIVE_COMPILATION_CONDITIONS = DEBUG;
				SWIFT_OPTIMIZATION_LEVEL = "-Onone";
			};
			name = Debug;
		};
		4AA82AD528AA170500F046FF /* Release */ = {
			isa = XCBuildConfiguration;
			buildSettings = {
				ALWAYS_SEARCH_USER_PATHS = NO;
				CLANG_ANALYZER_NONNULL = YES;
				CLANG_ANALYZER_NUMBER_OBJECT_CONVERSION = YES_AGGRESSIVE;
				CLANG_CXX_LANGUAGE_STANDARD = "gnu++17";
				CLANG_ENABLE_MODULES = YES;
				CLANG_ENABLE_OBJC_ARC = YES;
				CLANG_ENABLE_OBJC_WEAK = YES;
				CLANG_WARN_BLOCK_CAPTURE_AUTORELEASING = YES;
				CLANG_WARN_BOOL_CONVERSION = YES;
				CLANG_WARN_COMMA = YES;
				CLANG_WARN_CONSTANT_CONVERSION = YES;
				CLANG_WARN_DEPRECATED_OBJC_IMPLEMENTATIONS = YES;
				CLANG_WARN_DIRECT_OBJC_ISA_USAGE = YES_ERROR;
				CLANG_WARN_DOCUMENTATION_COMMENTS = YES;
				CLANG_WARN_EMPTY_BODY = YES;
				CLANG_WARN_ENUM_CONVERSION = YES;
				CLANG_WARN_INFINITE_RECURSION = YES;
				CLANG_WARN_INT_CONVERSION = YES;
				CLANG_WARN_NON_LITERAL_NULL_CONVERSION = YES;
				CLANG_WARN_OBJC_IMPLICIT_RETAIN_SELF = YES;
				CLANG_WARN_OBJC_LITERAL_CONVERSION = YES;
				CLANG_WARN_OBJC_ROOT_CLASS = YES_ERROR;
				CLANG_WARN_QUOTED_INCLUDE_IN_FRAMEWORK_HEADER = YES;
				CLANG_WARN_RANGE_LOOP_ANALYSIS = YES;
				CLANG_WARN_STRICT_PROTOTYPES = YES;
				CLANG_WARN_SUSPICIOUS_MOVE = YES;
				CLANG_WARN_UNGUARDED_AVAILABILITY = YES_AGGRESSIVE;
				CLANG_WARN_UNREACHABLE_CODE = YES;
				CLANG_WARN__DUPLICATE_METHOD_MATCH = YES;
				COPY_PHASE_STRIP = NO;
				DEBUG_INFORMATION_FORMAT = "dwarf-with-dsym";
				ENABLE_NS_ASSERTIONS = NO;
				ENABLE_STRICT_OBJC_MSGSEND = YES;
				GCC_C_LANGUAGE_STANDARD = gnu11;
				GCC_NO_COMMON_BLOCKS = YES;
				GCC_WARN_64_TO_32_BIT_CONVERSION = YES;
				GCC_WARN_ABOUT_RETURN_TYPE = YES_ERROR;
				GCC_WARN_UNDECLARED_SELECTOR = YES;
				GCC_WARN_UNINITIALIZED_AUTOS = YES_AGGRESSIVE;
				GCC_WARN_UNUSED_FUNCTION = YES;
				GCC_WARN_UNUSED_VARIABLE = YES;
				IPHONEOS_DEPLOYMENT_TARGET = 15.4;
				MTL_ENABLE_DEBUG_INFO = NO;
				MTL_FAST_MATH = YES;
				SDKROOT = iphoneos;
				SWIFT_COMPILATION_MODE = wholemodule;
				SWIFT_OPTIMIZATION_LEVEL = "-O";
				VALIDATE_PRODUCT = YES;
			};
			name = Release;
		};
		4AA82AD728AA170500F046FF /* Debug */ = {
			isa = XCBuildConfiguration;
			baseConfigurationReference = AE754FFB1DDFC6B014A7BB93 /* Pods-LearningApp.debug.xcconfig */;
			buildSettings = {
				ASSETCATALOG_COMPILER_APPICON_NAME = AppIcon;
				ASSETCATALOG_COMPILER_GLOBAL_ACCENT_COLOR_NAME = AccentColor;
				CODE_SIGN_STYLE = Automatic;
				CURRENT_PROJECT_VERSION = 1;
				DEVELOPMENT_TEAM = QX4TPJ9X7J;
				GENERATE_INFOPLIST_FILE = YES;
				INFOPLIST_FILE = LearningApp/Info.plist;
				INFOPLIST_KEY_UIApplicationSupportsIndirectInputEvents = YES;
				INFOPLIST_KEY_UILaunchStoryboardName = LaunchScreen;
				INFOPLIST_KEY_UIMainStoryboardFile = Main;
				INFOPLIST_KEY_UISupportedInterfaceOrientations_iPad = "UIInterfaceOrientationPortrait UIInterfaceOrientationPortraitUpsideDown UIInterfaceOrientationLandscapeLeft UIInterfaceOrientationLandscapeRight";
				INFOPLIST_KEY_UISupportedInterfaceOrientations_iPhone = "UIInterfaceOrientationPortrait UIInterfaceOrientationLandscapeLeft UIInterfaceOrientationLandscapeRight";
				LD_RUNPATH_SEARCH_PATHS = (
					"$(inherited)",
					"@executable_path/Frameworks",
				);
				MARKETING_VERSION = 1.0;
				PRODUCT_BUNDLE_IDENTIFIER = co.id.learning.topik.LearningApp;
				PRODUCT_NAME = "$(TARGET_NAME)";
				SWIFT_EMIT_LOC_STRINGS = YES;
				SWIFT_VERSION = 5.0;
				TARGETED_DEVICE_FAMILY = "1,2";
			};
			name = Debug;
		};
		4AA82AD828AA170500F046FF /* Release */ = {
			isa = XCBuildConfiguration;
			baseConfigurationReference = B1F120A7832A0522C3203A72 /* Pods-LearningApp.release.xcconfig */;
			buildSettings = {
				ASSETCATALOG_COMPILER_APPICON_NAME = AppIcon;
				ASSETCATALOG_COMPILER_GLOBAL_ACCENT_COLOR_NAME = AccentColor;
				CODE_SIGN_STYLE = Automatic;
				CURRENT_PROJECT_VERSION = 1;
				DEVELOPMENT_TEAM = QX4TPJ9X7J;
				GENERATE_INFOPLIST_FILE = YES;
				INFOPLIST_FILE = LearningApp/Info.plist;
				INFOPLIST_KEY_UIApplicationSupportsIndirectInputEvents = YES;
				INFOPLIST_KEY_UILaunchStoryboardName = LaunchScreen;
				INFOPLIST_KEY_UIMainStoryboardFile = Main;
				INFOPLIST_KEY_UISupportedInterfaceOrientations_iPad = "UIInterfaceOrientationPortrait UIInterfaceOrientationPortraitUpsideDown UIInterfaceOrientationLandscapeLeft UIInterfaceOrientationLandscapeRight";
				INFOPLIST_KEY_UISupportedInterfaceOrientations_iPhone = "UIInterfaceOrientationPortrait UIInterfaceOrientationLandscapeLeft UIInterfaceOrientationLandscapeRight";
				LD_RUNPATH_SEARCH_PATHS = (
					"$(inherited)",
					"@executable_path/Frameworks",
				);
				MARKETING_VERSION = 1.0;
				PRODUCT_BUNDLE_IDENTIFIER = co.id.learning.topik.LearningApp;
				PRODUCT_NAME = "$(TARGET_NAME)";
				SWIFT_EMIT_LOC_STRINGS = YES;
				SWIFT_VERSION = 5.0;
				TARGETED_DEVICE_FAMILY = "1,2";
			};
			name = Release;
		};
		4AA82ADA28AA170500F046FF /* Debug */ = {
			isa = XCBuildConfiguration;
			baseConfigurationReference = DBA9DF50A9F62D77AFB7589F /* Pods-LearningAppTests.debug.xcconfig */;
			buildSettings = {
				ALWAYS_EMBED_SWIFT_STANDARD_LIBRARIES = YES;
				BUNDLE_LOADER = "$(TEST_HOST)";
				CODE_SIGN_STYLE = Automatic;
				CURRENT_PROJECT_VERSION = 1;
				DEVELOPMENT_TEAM = QX4TPJ9X7J;
				GENERATE_INFOPLIST_FILE = YES;
				IPHONEOS_DEPLOYMENT_TARGET = 15.4;
				MARKETING_VERSION = 1.0;
				PRODUCT_BUNDLE_IDENTIFIER = co.id.learning.topik.LearningAppTests;
				PRODUCT_NAME = "$(TARGET_NAME)";
				SWIFT_EMIT_LOC_STRINGS = NO;
				SWIFT_VERSION = 5.0;
				TARGETED_DEVICE_FAMILY = "1,2";
				TEST_HOST = "$(BUILT_PRODUCTS_DIR)/LearningApp.app/LearningApp";
			};
			name = Debug;
		};
		4AA82ADB28AA170500F046FF /* Release */ = {
			isa = XCBuildConfiguration;
			baseConfigurationReference = ADA90694DB3FCF7FCA778F39 /* Pods-LearningAppTests.release.xcconfig */;
			buildSettings = {
				ALWAYS_EMBED_SWIFT_STANDARD_LIBRARIES = YES;
				BUNDLE_LOADER = "$(TEST_HOST)";
				CODE_SIGN_STYLE = Automatic;
				CURRENT_PROJECT_VERSION = 1;
				DEVELOPMENT_TEAM = QX4TPJ9X7J;
				GENERATE_INFOPLIST_FILE = YES;
				IPHONEOS_DEPLOYMENT_TARGET = 15.4;
				MARKETING_VERSION = 1.0;
				PRODUCT_BUNDLE_IDENTIFIER = co.id.learning.topik.LearningAppTests;
				PRODUCT_NAME = "$(TARGET_NAME)";
				SWIFT_EMIT_LOC_STRINGS = NO;
				SWIFT_VERSION = 5.0;
				TARGETED_DEVICE_FAMILY = "1,2";
				TEST_HOST = "$(BUILT_PRODUCTS_DIR)/LearningApp.app/LearningApp";
			};
			name = Release;
		};
		4AA82ADD28AA170500F046FF /* Debug */ = {
			isa = XCBuildConfiguration;
			baseConfigurationReference = 668927EFF85F5BFA3DACC8CC /* Pods-LearningApp-LearningAppUITests.debug.xcconfig */;
			buildSettings = {
				ALWAYS_EMBED_SWIFT_STANDARD_LIBRARIES = YES;
				CODE_SIGN_STYLE = Automatic;
				CURRENT_PROJECT_VERSION = 1;
				DEVELOPMENT_TEAM = QX4TPJ9X7J;
				GENERATE_INFOPLIST_FILE = YES;
				MARKETING_VERSION = 1.0;
				PRODUCT_BUNDLE_IDENTIFIER = co.id.learning.topik.LearningAppUITests;
				PRODUCT_NAME = "$(TARGET_NAME)";
				SWIFT_EMIT_LOC_STRINGS = NO;
				SWIFT_VERSION = 5.0;
				TARGETED_DEVICE_FAMILY = "1,2";
				TEST_TARGET_NAME = LearningApp;
			};
			name = Debug;
		};
		4AA82ADE28AA170500F046FF /* Release */ = {
			isa = XCBuildConfiguration;
			baseConfigurationReference = 81B828DF8D79C2B64F1F98C3 /* Pods-LearningApp-LearningAppUITests.release.xcconfig */;
			buildSettings = {
				ALWAYS_EMBED_SWIFT_STANDARD_LIBRARIES = YES;
				CODE_SIGN_STYLE = Automatic;
				CURRENT_PROJECT_VERSION = 1;
				DEVELOPMENT_TEAM = QX4TPJ9X7J;
				GENERATE_INFOPLIST_FILE = YES;
				MARKETING_VERSION = 1.0;
				PRODUCT_BUNDLE_IDENTIFIER = co.id.learning.topik.LearningAppUITests;
				PRODUCT_NAME = "$(TARGET_NAME)";
				SWIFT_EMIT_LOC_STRINGS = NO;
				SWIFT_VERSION = 5.0;
				TARGETED_DEVICE_FAMILY = "1,2";
				TEST_TARGET_NAME = LearningApp;
			};
			name = Release;
		};
/* End XCBuildConfiguration section */

/* Begin XCConfigurationList section */
		4AA82AA428AA16FF00F046FF /* Build configuration list for PBXProject "LearningApp" */ = {
			isa = XCConfigurationList;
			buildConfigurations = (
				4AA82AD428AA170500F046FF /* Debug */,
				4AA82AD528AA170500F046FF /* Release */,
			);
			defaultConfigurationIsVisible = 0;
			defaultConfigurationName = Release;
		};
		4AA82AD628AA170500F046FF /* Build configuration list for PBXNativeTarget "LearningApp" */ = {
			isa = XCConfigurationList;
			buildConfigurations = (
				4AA82AD728AA170500F046FF /* Debug */,
				4AA82AD828AA170500F046FF /* Release */,
			);
			defaultConfigurationIsVisible = 0;
			defaultConfigurationName = Release;
		};
		4AA82AD928AA170500F046FF /* Build configuration list for PBXNativeTarget "LearningAppTests" */ = {
			isa = XCConfigurationList;
			buildConfigurations = (
				4AA82ADA28AA170500F046FF /* Debug */,
				4AA82ADB28AA170500F046FF /* Release */,
			);
			defaultConfigurationIsVisible = 0;
			defaultConfigurationName = Release;
		};
		4AA82ADC28AA170500F046FF /* Build configuration list for PBXNativeTarget "LearningAppUITests" */ = {
			isa = XCConfigurationList;
			buildConfigurations = (
				4AA82ADD28AA170500F046FF /* Debug */,
				4AA82ADE28AA170500F046FF /* Release */,
			);
			defaultConfigurationIsVisible = 0;
			defaultConfigurationName = Release;
		};
/* End XCConfigurationList section */

/* Begin XCVersionGroup section */
		4AA82AB528AA16FF00F046FF /* LearningApp.xcdatamodeld */ = {
			isa = XCVersionGroup;
			children = (
				4AA82AB628AA16FF00F046FF /* LearningApp.xcdatamodel */,
			);
			currentVersion = 4AA82AB628AA16FF00F046FF /* LearningApp.xcdatamodel */;
			path = LearningApp.xcdatamodeld;
			sourceTree = "<group>";
			versionGroupType = wrapper.xcdatamodel;
		};
/* End XCVersionGroup section */
	};
	rootObject = 4AA82AA128AA16FF00F046FF /* Project object */;
}
